// !$*UTF8*$!
{
	archiveVersion = 1;
	classes = {
	};
	objectVersion = 56;
	objects = {

/* Begin PBXBuildFile section */
		E333B5B8298E6E95007DA751 /* player.swift in Sources */ = {isa = PBXBuildFile; fileRef = E333B5B7298E6E95007DA751 /* player.swift */; };
		E333B5BB298E6FCE007DA751 /*  GameViewModel.swift in Sources */ = {isa = PBXBuildFile; fileRef = E333B5BA298E6FCE007DA751 /*  GameViewModel.swift */; };
		E333B5BE298FC0AA007DA751 /* erorView.swift in Sources */ = {isa = PBXBuildFile; fileRef = E333B5BD298FC0AA007DA751 /* erorView.swift */; };
		E3670994298D656800A5303D /* gameApp.swift in Sources */ = {isa = PBXBuildFile; fileRef = E3670993298D656800A5303D /* gameApp.swift */; };
		E3670996298D656800A5303D /* StartView.swift in Sources */ = {isa = PBXBuildFile; fileRef = E3670995298D656800A5303D /* StartView.swift */; };
		E3670998298D656A00A5303D /* Assets.xcassets in Resources */ = {isa = PBXBuildFile; fileRef = E3670997298D656A00A5303D /* Assets.xcassets */; };
		E367099B298D656A00A5303D /* Preview Assets.xcassets in Resources */ = {isa = PBXBuildFile; fileRef = E367099A298D656A00A5303D /* Preview Assets.xcassets */; };
		E36709C1298D665000A5303D /* TitleText.swift in Sources */ = {isa = PBXBuildFile; fileRef = E36709C0298D665000A5303D /* TitleText.swift */; };
		E36709C3298D677200A5303D /* textFild.swift in Sources */ = {isa = PBXBuildFile; fileRef = E36709C2298D677200A5303D /* textFild.swift */; };
		E36709C5298D809000A5303D /* GameView.swift in Sources */ = {isa = PBXBuildFile; fileRef = E36709C4298D809000A5303D /* GameView.swift */; };
		E3D207C92993B30D00B22F23 /* slovalist.swift in Sources */ = {isa = PBXBuildFile; fileRef = E3D207C82993B30D00B22F23 /* slovalist.swift */; };
/* End PBXBuildFile section */

/* Begin PBXContainerItemProxy section */
		E36709A1298D656A00A5303D /* PBXContainerItemProxy */ = {
			isa = PBXContainerItemProxy;
			containerPortal = E3670988298D656800A5303D /* Project object */;
			proxyType = 1;
			remoteGlobalIDString = E367098F298D656800A5303D;
			remoteInfo = game;
		};
		E36709AB298D656A00A5303D /* PBXContainerItemProxy */ = {
			isa = PBXContainerItemProxy;
			containerPortal = E3670988298D656800A5303D /* Project object */;
			proxyType = 1;
			remoteGlobalIDString = E367098F298D656800A5303D;
			remoteInfo = game;
		};
/* End PBXContainerItemProxy section */

/* Begin PBXFileReference section */
		E333B5B7298E6E95007DA751 /* player.swift */ = {isa = PBXFileReference; lastKnownFileType = sourcecode.swift; path = player.swift; sourceTree = "<group>"; };
		E333B5BA298E6FCE007DA751 /*  GameViewModel.swift */ = {isa = PBXFileReference; lastKnownFileType = sourcecode.swift; path = " GameViewModel.swift"; sourceTree = "<group>"; };
		E333B5BD298FC0AA007DA751 /* erorView.swift */ = {isa = PBXFileReference; lastKnownFileType = sourcecode.swift; path = erorView.swift; sourceTree = "<group>"; };
		E3670990298D656800A5303D /* Game words.app */ = {isa = PBXFileReference; explicitFileType = wrapper.application; includeInIndex = 0; path = "Game words.app"; sourceTree = BUILT_PRODUCTS_DIR; };
		E3670993298D656800A5303D /* gameApp.swift */ = {isa = PBXFileReference; lastKnownFileType = sourcecode.swift; path = gameApp.swift; sourceTree = "<group>"; };
		E3670995298D656800A5303D /* StartView.swift */ = {isa = PBXFileReference; lastKnownFileType = sourcecode.swift; path = StartView.swift; sourceTree = "<group>"; };
		E3670997298D656A00A5303D /* Assets.xcassets */ = {isa = PBXFileReference; lastKnownFileType = folder.assetcatalog; path = Assets.xcassets; sourceTree = "<group>"; };
		E367099A298D656A00A5303D /* Preview Assets.xcassets */ = {isa = PBXFileReference; lastKnownFileType = folder.assetcatalog; path = "Preview Assets.xcassets"; sourceTree = "<group>"; };
		E36709A0298D656A00A5303D /* Game wordsTests.xctest */ = {isa = PBXFileReference; explicitFileType = wrapper.cfbundle; includeInIndex = 0; path = "Game wordsTests.xctest"; sourceTree = BUILT_PRODUCTS_DIR; };
		E36709AA298D656A00A5303D /* Game wordsUITests.xctest */ = {isa = PBXFileReference; explicitFileType = wrapper.cfbundle; includeInIndex = 0; path = "Game wordsUITests.xctest"; sourceTree = BUILT_PRODUCTS_DIR; };
		E36709C0298D665000A5303D /* TitleText.swift */ = {isa = PBXFileReference; lastKnownFileType = sourcecode.swift; name = TitleText.swift; path = ../TitleText.swift; sourceTree = "<group>"; };
		E36709C2298D677200A5303D /* textFild.swift */ = {isa = PBXFileReference; lastKnownFileType = sourcecode.swift; path = textFild.swift; sourceTree = "<group>"; };
		E36709C4298D809000A5303D /* GameView.swift */ = {isa = PBXFileReference; lastKnownFileType = sourcecode.swift; path = GameView.swift; sourceTree = "<group>"; };
		E3D207C82993B30D00B22F23 /* slovalist.swift */ = {isa = PBXFileReference; lastKnownFileType = sourcecode.swift; path = slovalist.swift; sourceTree = "<group>"; };
/* End PBXFileReference section */

/* Begin PBXFrameworksBuildPhase section */
		E367098D298D656800A5303D /* Frameworks */ = {
			isa = PBXFrameworksBuildPhase;
			buildActionMask = 2147483647;
			files = (
			);
			runOnlyForDeploymentPostprocessing = 0;
		};
		E367099D298D656A00A5303D /* Frameworks */ = {
			isa = PBXFrameworksBuildPhase;
			buildActionMask = 2147483647;
			files = (
			);
			runOnlyForDeploymentPostprocessing = 0;
		};
		E36709A7298D656A00A5303D /* Frameworks */ = {
			isa = PBXFrameworksBuildPhase;
			buildActionMask = 2147483647;
			files = (
			);
			runOnlyForDeploymentPostprocessing = 0;
		};
/* End PBXFrameworksBuildPhase section */

/* Begin PBXGroup section */
		E333B5B9298E6FA3007DA751 /* Models */ = {
			isa = PBXGroup;
			children = (
				E333B5B7298E6E95007DA751 /* player.swift */,
			);
			path = Models;
			sourceTree = "<group>";
		};
		E333B5BC298F23C6007DA751 /* ViewModels */ = {
			isa = PBXGroup;
			children = (
				E333B5BA298E6FCE007DA751 /*  GameViewModel.swift */,
			);
			path = ViewModels;
			sourceTree = "<group>";
		};
		E3670987298D656800A5303D = {
			isa = PBXGroup;
			children = (
				E3670992298D656800A5303D /* game */,
				E3670991298D656800A5303D /* Products */,
			);
			sourceTree = "<group>";
		};
		E3670991298D656800A5303D /* Products */ = {
			isa = PBXGroup;
			children = (
				E3670990298D656800A5303D /* Game words.app */,
				E36709A0298D656A00A5303D /* Game wordsTests.xctest */,
				E36709AA298D656A00A5303D /* Game wordsUITests.xctest */,
			);
			name = Products;
			sourceTree = "<group>";
		};
		E3670992298D656800A5303D /* game */ = {
			isa = PBXGroup;
			children = (
				E3670993298D656800A5303D /* gameApp.swift */,
				E333B5B9298E6FA3007DA751 /* Models */,
				E36709C6298D80C500A5303D /* Views */,
				E333B5BC298F23C6007DA751 /* ViewModels */,
				E36709BD298D65E700A5303D /* components */,
				E3670999298D656A00A5303D /* Preview Content */,
			);
			path = game;
			sourceTree = "<group>";
		};
		E3670999298D656A00A5303D /* Preview Content */ = {
			isa = PBXGroup;
			children = (
				E3670997298D656A00A5303D /* Assets.xcassets */,
				E367099A298D656A00A5303D /* Preview Assets.xcassets */,
			);
			path = "Preview Content";
			sourceTree = "<group>";
		};
		E36709BD298D65E700A5303D /* components */ = {
			isa = PBXGroup;
			children = (
				E3D207C82993B30D00B22F23 /* slovalist.swift */,
				E333B5BD298FC0AA007DA751 /* erorView.swift */,
				E36709C2298D677200A5303D /* textFild.swift */,
				E36709C0298D665000A5303D /* TitleText.swift */,
			);
			path = components;
			sourceTree = "<group>";
		};
		E36709C6298D80C500A5303D /* Views */ = {
			isa = PBXGroup;
			children = (
				E36709C4298D809000A5303D /* GameView.swift */,
				E3670995298D656800A5303D /* StartView.swift */,
			);
			path = Views;
			sourceTree = "<group>";
		};
/* End PBXGroup section */

/* Begin PBXNativeTarget section */
		E367098F298D656800A5303D /* Game words */ = {
			isa = PBXNativeTarget;
			buildConfigurationList = E36709B4298D656A00A5303D /* Build configuration list for PBXNativeTarget "Game words" */;
			buildPhases = (
				E367098C298D656800A5303D /* Sources */,
				E367098D298D656800A5303D /* Frameworks */,
				E367098E298D656800A5303D /* Resources */,
			);
			buildRules = (
			);
			dependencies = (
			);
			name = "Game words";
			productName = game;
			productReference = E3670990298D656800A5303D /* Game words.app */;
			productType = "com.apple.product-type.application";
		};
		E367099F298D656A00A5303D /* Game wordsTests */ = {
			isa = PBXNativeTarget;
			buildConfigurationList = E36709B7298D656A00A5303D /* Build configuration list for PBXNativeTarget "Game wordsTests" */;
			buildPhases = (
				E367099C298D656A00A5303D /* Sources */,
				E367099D298D656A00A5303D /* Frameworks */,
				E367099E298D656A00A5303D /* Resources */,
			);
			buildRules = (
			);
			dependencies = (
				E36709A2298D656A00A5303D /* PBXTargetDependency */,
			);
			name = "Game wordsTests";
			productName = gameTests;
			productReference = E36709A0298D656A00A5303D /* Game wordsTests.xctest */;
			productType = "com.apple.product-type.bundle.unit-test";
		};
		E36709A9298D656A00A5303D /* Game wordsUITests */ = {
			isa = PBXNativeTarget;
			buildConfigurationList = E36709BA298D656A00A5303D /* Build configuration list for PBXNativeTarget "Game wordsUITests" */;
			buildPhases = (
				E36709A6298D656A00A5303D /* Sources */,
				E36709A7298D656A00A5303D /* Frameworks */,
				E36709A8298D656A00A5303D /* Resources */,
			);
			buildRules = (
			);
			dependencies = (
				E36709AC298D656A00A5303D /* PBXTargetDependency */,
			);
			name = "Game wordsUITests";
			productName = gameUITests;
			productReference = E36709AA298D656A00A5303D /* Game wordsUITests.xctest */;
			productType = "com.apple.product-type.bundle.ui-testing";
		};
/* End PBXNativeTarget section */

/* Begin PBXProject section */
		E3670988298D656800A5303D /* Project object */ = {
			isa = PBXProject;
			attributes = {
				BuildIndependentTargetsInParallel = 1;
				LastSwiftUpdateCheck = 1420;
				LastUpgradeCheck = 1420;
				TargetAttributes = {
					E367098F298D656800A5303D = {
						CreatedOnToolsVersion = 14.2;
					};
					E367099F298D656A00A5303D = {
						CreatedOnToolsVersion = 14.2;
						TestTargetID = E367098F298D656800A5303D;
					};
					E36709A9298D656A00A5303D = {
						CreatedOnToolsVersion = 14.2;
						TestTargetID = E367098F298D656800A5303D;
					};
				};
			};
			buildConfigurationList = E367098B298D656800A5303D /* Build configuration list for PBXProject "Game words" */;
			compatibilityVersion = "Xcode 14.0";
			developmentRegion = en;
			hasScannedForEncodings = 0;
			knownRegions = (
				en,
				Base,
			);
			mainGroup = E3670987298D656800A5303D;
			productRefGroup = E3670991298D656800A5303D /* Products */;
			projectDirPath = "";
			projectRoot = "";
			targets = (
				E367098F298D656800A5303D /* Game words */,
				E367099F298D656A00A5303D /* Game wordsTests */,
				E36709A9298D656A00A5303D /* Game wordsUITests */,
			);
		};
/* End PBXProject section */

/* Begin PBXResourcesBuildPhase section */
		E367098E298D656800A5303D /* Resources */ = {
			isa = PBXResourcesBuildPhase;
			buildActionMask = 2147483647;
			files = (
				E367099B298D656A00A5303D /* Preview Assets.xcassets in Resources */,
				E3670998298D656A00A5303D /* Assets.xcassets in Resources */,
			);
			runOnlyForDeploymentPostprocessing = 0;
		};
		E367099E298D656A00A5303D /* Resources */ = {
			isa = PBXResourcesBuildPhase;
			buildActionMask = 2147483647;
			files = (
			);
			runOnlyForDeploymentPostprocessing = 0;
		};
		E36709A8298D656A00A5303D /* Resources */ = {
			isa = PBXResourcesBuildPhase;
			buildActionMask = 2147483647;
			files = (
			);
			runOnlyForDeploymentPostprocessing = 0;
		};
/* End PBXResourcesBuildPhase section */

/* Begin PBXSourcesBuildPhase section */
		E367098C298D656800A5303D /* Sources */ = {
			isa = PBXSourcesBuildPhase;
			buildActionMask = 2147483647;
			files = (
				E3670996298D656800A5303D /* StartView.swift in Sources */,
				E36709C3298D677200A5303D /* textFild.swift in Sources */,
				E36709C1298D665000A5303D /* TitleText.swift in Sources */,
				E3670994298D656800A5303D /* gameApp.swift in Sources */,
				E333B5BE298FC0AA007DA751 /* erorView.swift in Sources */,
				E333B5B8298E6E95007DA751 /* player.swift in Sources */,
				E3D207C92993B30D00B22F23 /* slovalist.swift in Sources */,
				E333B5BB298E6FCE007DA751 /*  GameViewModel.swift in Sources */,
				E36709C5298D809000A5303D /* GameView.swift in Sources */,
			);
			runOnlyForDeploymentPostprocessing = 0;
		};
		E367099C298D656A00A5303D /* Sources */ = {
			isa = PBXSourcesBuildPhase;
			buildActionMask = 2147483647;
			files = (
			);
			runOnlyForDeploymentPostprocessing = 0;
		};
		E36709A6298D656A00A5303D /* Sources */ = {
			isa = PBXSourcesBuildPhase;
			buildActionMask = 2147483647;
			files = (
			);
			runOnlyForDeploymentPostprocessing = 0;
		};
/* End PBXSourcesBuildPhase section */

/* Begin PBXTargetDependency section */
		E36709A2298D656A00A5303D /* PBXTargetDependency */ = {
			isa = PBXTargetDependency;
			target = E367098F298D656800A5303D /* Game words */;
			targetProxy = E36709A1298D656A00A5303D /* PBXContainerItemProxy */;
		};
		E36709AC298D656A00A5303D /* PBXTargetDependency */ = {
			isa = PBXTargetDependency;
			target = E367098F298D656800A5303D /* Game words */;
			targetProxy = E36709AB298D656A00A5303D /* PBXContainerItemProxy */;
		};
/* End PBXTargetDependency section */

/* Begin XCBuildConfiguration section */
		E36709B2298D656A00A5303D /* Debug */ = {
			isa = XCBuildConfiguration;
			buildSettings = {
				ALWAYS_SEARCH_USER_PATHS = NO;
				CLANG_ANALYZER_NONNULL = YES;
				CLANG_ANALYZER_NUMBER_OBJECT_CONVERSION = YES_AGGRESSIVE;
				CLANG_CXX_LANGUAGE_STANDARD = "gnu++20";
				CLANG_ENABLE_MODULES = YES;
				CLANG_ENABLE_OBJC_ARC = YES;
				CLANG_ENABLE_OBJC_WEAK = YES;
				CLANG_WARN_BLOCK_CAPTURE_AUTORELEASING = YES;
				CLANG_WARN_BOOL_CONVERSION = YES;
				CLANG_WARN_COMMA = YES;
				CLANG_WARN_CONSTANT_CONVERSION = YES;
				CLANG_WARN_DEPRECATED_OBJC_IMPLEMENTATIONS = YES;
				CLANG_WARN_DIRECT_OBJC_ISA_USAGE = YES_ERROR;
				CLANG_WARN_DOCUMENTATION_COMMENTS = YES;
				CLANG_WARN_EMPTY_BODY = YES;
				CLANG_WARN_ENUM_CONVERSION = YES;
				CLANG_WARN_INFINITE_RECURSION = YES;
				CLANG_WARN_INT_CONVERSION = YES;
				CLANG_WARN_NON_LITERAL_NULL_CONVERSION = YES;
				CLANG_WARN_OBJC_IMPLICIT_RETAIN_SELF = YES;
				CLANG_WARN_OBJC_LITERAL_CONVERSION = YES;
				CLANG_WARN_OBJC_ROOT_CLASS = YES_ERROR;
				CLANG_WARN_QUOTED_INCLUDE_IN_FRAMEWORK_HEADER = YES;
				CLANG_WARN_RANGE_LOOP_ANALYSIS = YES;
				CLANG_WARN_STRICT_PROTOTYPES = YES;
				CLANG_WARN_SUSPICIOUS_MOVE = YES;
				CLANG_WARN_UNGUARDED_AVAILABILITY = YES_AGGRESSIVE;
				CLANG_WARN_UNREACHABLE_CODE = YES;
				CLANG_WARN__DUPLICATE_METHOD_MATCH = YES;
				COPY_PHASE_STRIP = NO;
				DEBUG_INFORMATION_FORMAT = dwarf;
				ENABLE_STRICT_OBJC_MSGSEND = YES;
				ENABLE_TESTABILITY = YES;
				GCC_C_LANGUAGE_STANDARD = gnu11;
				GCC_DYNAMIC_NO_PIC = NO;
				GCC_NO_COMMON_BLOCKS = YES;
				GCC_OPTIMIZATION_LEVEL = 0;
				GCC_PREPROCESSOR_DEFINITIONS = (
					"DEBUG=1",
					"$(inherited)",
				);
				GCC_WARN_64_TO_32_BIT_CONVERSION = YES;
				GCC_WARN_ABOUT_RETURN_TYPE = YES_ERROR;
				GCC_WARN_UNDECLARED_SELECTOR = YES;
				GCC_WARN_UNINITIALIZED_AUTOS = YES_AGGRESSIVE;
				GCC_WARN_UNUSED_FUNCTION = YES;
				GCC_WARN_UNUSED_VARIABLE = YES;
				IPHONEOS_DEPLOYMENT_TARGET = 16.2;
				MTL_ENABLE_DEBUG_INFO = INCLUDE_SOURCE;
				MTL_FAST_MATH = YES;
				ONLY_ACTIVE_ARCH = YES;
				SDKROOT = iphoneos;
				SWIFT_ACTIVE_COMPILATION_CONDITIONS = DEBUG;
				SWIFT_OPTIMIZATION_LEVEL = "-Onone";
			};
			name = Debug;
		};
		E36709B3298D656A00A5303D /* Release */ = {
			isa = XCBuildConfiguration;
			buildSettings = {
				ALWAYS_SEARCH_USER_PATHS = NO;
				CLANG_ANALYZER_NONNULL = YES;
				CLANG_ANALYZER_NUMBER_OBJECT_CONVERSION = YES_AGGRESSIVE;
				CLANG_CXX_LANGUAGE_STANDARD = "gnu++20";
				CLANG_ENABLE_MODULES = YES;
				CLANG_ENABLE_OBJC_ARC = YES;
				CLANG_ENABLE_OBJC_WEAK = YES;
				CLANG_WARN_BLOCK_CAPTURE_AUTORELEASING = YES;
				CLANG_WARN_BOOL_CONVERSION = YES;
				CLANG_WARN_COMMA = YES;
				CLANG_WARN_CONSTANT_CONVERSION = YES;
				CLANG_WARN_DEPRECATED_OBJC_IMPLEMENTATIONS = YES;
				CLANG_WARN_DIRECT_OBJC_ISA_USAGE = YES_ERROR;
				CLANG_WARN_DOCUMENTATION_COMMENTS = YES;
				CLANG_WARN_EMPTY_BODY = YES;
				CLANG_WARN_ENUM_CONVERSION = YES;
				CLANG_WARN_INFINITE_RECURSION = YES;
				CLANG_WARN_INT_CONVERSION = YES;
				CLANG_WARN_NON_LITERAL_NULL_CONVERSION = YES;
				CLANG_WARN_OBJC_IMPLICIT_RETAIN_SELF = YES;
				CLANG_WARN_OBJC_LITERAL_CONVERSION = YES;
				CLANG_WARN_OBJC_ROOT_CLASS = YES_ERROR;
				CLANG_WARN_QUOTED_INCLUDE_IN_FRAMEWORK_HEADER = YES;
				CLANG_WARN_RANGE_LOOP_ANALYSIS = YES;
				CLANG_WARN_STRICT_PROTOTYPES = YES;
				CLANG_WARN_SUSPICIOUS_MOVE = YES;
				CLANG_WARN_UNGUARDED_AVAILABILITY = YES_AGGRESSIVE;
				CLANG_WARN_UNREACHABLE_CODE = YES;
				CLANG_WARN__DUPLICATE_METHOD_MATCH = YES;
				COPY_PHASE_STRIP = NO;
				DEBUG_INFORMATION_FORMAT = "dwarf-with-dsym";
				ENABLE_NS_ASSERTIONS = NO;
				ENABLE_STRICT_OBJC_MSGSEND = YES;
				GCC_C_LANGUAGE_STANDARD = gnu11;
				GCC_NO_COMMON_BLOCKS = YES;
				GCC_WARN_64_TO_32_BIT_CONVERSION = YES;
				GCC_WARN_ABOUT_RETURN_TYPE = YES_ERROR;
				GCC_WARN_UNDECLARED_SELECTOR = YES;
				GCC_WARN_UNINITIALIZED_AUTOS = YES_AGGRESSIVE;
				GCC_WARN_UNUSED_FUNCTION = YES;
				GCC_WARN_UNUSED_VARIABLE = YES;
				IPHONEOS_DEPLOYMENT_TARGET = 16.2;
				MTL_ENABLE_DEBUG_INFO = NO;
				MTL_FAST_MATH = YES;
				SDKROOT = iphoneos;
				SWIFT_COMPILATION_MODE = wholemodule;
				SWIFT_OPTIMIZATION_LEVEL = "-O";
				VALIDATE_PRODUCT = YES;
			};
			name = Release;
		};
		E36709B5298D656A00A5303D /* Debug */ = {
			isa = XCBuildConfiguration;
			buildSettings = {
				ASSETCATALOG_COMPILER_APPICON_NAME = AppIcon;
				ASSETCATALOG_COMPILER_GLOBAL_ACCENT_COLOR_NAME = AccentColor;
				CODE_SIGN_STYLE = Automatic;
				CURRENT_PROJECT_VERSION = 1;
				DEVELOPMENT_ASSET_PATHS = "\"game/Preview Content\"";
				ENABLE_PREVIEWS = YES;
				GENERATE_INFOPLIST_FILE = YES;
				INFOPLIST_KEY_UIApplicationSceneManifest_Generation = YES;
				INFOPLIST_KEY_UIApplicationSupportsIndirectInputEvents = YES;
				INFOPLIST_KEY_UILaunchScreen_Generation = YES;
				INFOPLIST_KEY_UISupportedInterfaceOrientations_iPad = "UIInterfaceOrientationPortrait UIInterfaceOrientationPortraitUpsideDown UIInterfaceOrientationLandscapeLeft UIInterfaceOrientationLandscapeRight";
				INFOPLIST_KEY_UISupportedInterfaceOrientations_iPhone = "UIInterfaceOrientationPortrait UIInterfaceOrientationLandscapeLeft UIInterfaceOrientationLandscapeRight";
				LD_RUNPATH_SEARCH_PATHS = (
					"$(inherited)",
					"@executable_path/Frameworks",
				);
				MARKETING_VERSION = 1.0;
				PRODUCT_BUNDLE_IDENTIFIER = "-.game";
				PRODUCT_NAME = "$(TARGET_NAME)";
				SWIFT_EMIT_LOC_STRINGS = YES;
				SWIFT_VERSION = 5.0;
				TARGETED_DEVICE_FAMILY = "1,2";
			};
			name = Debug;
		};
		E36709B6298D656A00A5303D /* Release */ = {
			isa = XCBuildConfiguration;
			buildSettings = {
				ASSETCATALOG_COMPILER_APPICON_NAME = AppIcon;
				ASSETCATALOG_COMPILER_GLOBAL_ACCENT_COLOR_NAME = AccentColor;
				CODE_SIGN_STYLE = Automatic;
				CURRENT_PROJECT_VERSION = 1;
				DEVELOPMENT_ASSET_PATHS = "\"game/Preview Content\"";
				ENABLE_PREVIEWS = YES;
				GENERATE_INFOPLIST_FILE = YES;
				INFOPLIST_KEY_UIApplicationSceneManifest_Generation = YES;
				INFOPLIST_KEY_UIApplicationSupportsIndirectInputEvents = YES;
				INFOPLIST_KEY_UILaunchScreen_Generation = YES;
				INFOPLIST_KEY_UISupportedInterfaceOrientations_iPad = "UIInterfaceOrientationPortrait UIInterfaceOrientationPortraitUpsideDown UIInterfaceOrientationLandscapeLeft UIInterfaceOrientationLandscapeRight";
				INFOPLIST_KEY_UISupportedInterfaceOrientations_iPhone = "UIInterfaceOrientationPortrait UIInterfaceOrientationLandscapeLeft UIInterfaceOrientationLandscapeRight";
				LD_RUNPATH_SEARCH_PATHS = (
					"$(inherited)",
					"@executable_path/Frameworks",
				);
				MARKETING_VERSION = 1.0;
				PRODUCT_BUNDLE_IDENTIFIER = "-.game";
				PRODUCT_NAME = "$(TARGET_NAME)";
				SWIFT_EMIT_LOC_STRINGS = YES;
				SWIFT_VERSION = 5.0;
				TARGETED_DEVICE_FAMILY = "1,2";
			};
			name = Release;
		};
		E36709B8298D656A00A5303D /* Debug */ = {
			isa = XCBuildConfiguration;
			buildSettings = {
				ALWAYS_EMBED_SWIFT_STANDARD_LIBRARIES = YES;
				BUNDLE_LOADER = "$(TEST_HOST)";
				CODE_SIGN_STYLE = Automatic;
				CURRENT_PROJECT_VERSION = 1;
				GENERATE_INFOPLIST_FILE = YES;
				IPHONEOS_DEPLOYMENT_TARGET = 16.2;
				MARKETING_VERSION = 1.0;
				PRODUCT_BUNDLE_IDENTIFIER = "-.gameTests";
				PRODUCT_NAME = "$(TARGET_NAME)";
				SWIFT_EMIT_LOC_STRINGS = NO;
				SWIFT_VERSION = 5.0;
				TARGETED_DEVICE_FAMILY = "1,2";
				TEST_HOST = "$(BUILT_PRODUCTS_DIR)/Game words.app/$(BUNDLE_EXECUTABLE_FOLDER_PATH)/Game words";
			};
			name = Debug;
		};
		E36709B9298D656A00A5303D /* Release */ = {
			isa = XCBuildConfiguration;
			buildSettings = {
				ALWAYS_EMBED_SWIFT_STANDARD_LIBRARIES = YES;
				BUNDLE_LOADER = "$(TEST_HOST)";
				CODE_SIGN_STYLE = Automatic;
				CURRENT_PROJECT_VERSION = 1;
				GENERATE_INFOPLIST_FILE = YES;
				IPHONEOS_DEPLOYMENT_TARGET = 16.2;
				MARKETING_VERSION = 1.0;
				PRODUCT_BUNDLE_IDENTIFIER = "-.gameTests";
				PRODUCT_NAME = "$(TARGET_NAME)";
				SWIFT_EMIT_LOC_STRINGS = NO;
				SWIFT_VERSION = 5.0;
				TARGETED_DEVICE_FAMILY = "1,2";
				TEST_HOST = "$(BUILT_PRODUCTS_DIR)/Game words.app/$(BUNDLE_EXECUTABLE_FOLDER_PATH)/Game words";
			};
			name = Release;
		};
		E36709BB298D656A00A5303D /* Debug */ = {
			isa = XCBuildConfiguration;
			buildSettings = {
				ALWAYS_EMBED_SWIFT_STANDARD_LIBRARIES = YES;
				CODE_SIGN_STYLE = Automatic;
				CURRENT_PROJECT_VERSION = 1;
				GENERATE_INFOPLIST_FILE = YES;
				MARKETING_VERSION = 1.0;
				PRODUCT_BUNDLE_IDENTIFIER = "-.gameUITests";
				PRODUCT_NAME = "$(TARGET_NAME)";
				SWIFT_EMIT_LOC_STRINGS = NO;
				SWIFT_VERSION = 5.0;
				TARGETED_DEVICE_FAMILY = "1,2";
				TEST_TARGET_NAME = game;
			};
			name = Debug;
		};
		E36709BC298D656A00A5303D /* Release */ = {
			isa = XCBuildConfiguration;
			buildSettings = {
				ALWAYS_EMBED_SWIFT_STANDARD_LIBRARIES = YES;
				CODE_SIGN_STYLE = Automatic;
				CURRENT_PROJECT_VERSION = 1;
				GENERATE_INFOPLIST_FILE = YES;
				MARKETING_VERSION = 1.0;
				PRODUCT_BUNDLE_IDENTIFIER = "-.gameUITests";
				PRODUCT_NAME = "$(TARGET_NAME)";
				SWIFT_EMIT_LOC_STRINGS = NO;
				SWIFT_VERSION = 5.0;
				TARGETED_DEVICE_FAMILY = "1,2";
				TEST_TARGET_NAME = game;
			};
			name = Release;
		};
/* End XCBuildConfiguration section */

/* Begin XCConfigurationList section */
		E367098B298D656800A5303D /* Build configuration list for PBXProject "Game words" */ = {
			isa = XCConfigurationList;
			buildConfigurations = (
				E36709B2298D656A00A5303D /* Debug */,
				E36709B3298D656A00A5303D /* Release */,
			);
			defaultConfigurationIsVisible = 0;
			defaultConfigurationName = Release;
		};
		E36709B4298D656A00A5303D /* Build configuration list for PBXNativeTarget "Game words" */ = {
			isa = XCConfigurationList;
			buildConfigurations = (
				E36709B5298D656A00A5303D /* Debug */,
				E36709B6298D656A00A5303D /* Release */,
			);
			defaultConfigurationIsVisible = 0;
			defaultConfigurationName = Release;
		};
		E36709B7298D656A00A5303D /* Build configuration list for PBXNativeTarget "Game wordsTests" */ = {
			isa = XCConfigurationList;
			buildConfigurations = (
				E36709B8298D656A00A5303D /* Debug */,
				E36709B9298D656A00A5303D /* Release */,
			);
			defaultConfigurationIsVisible = 0;
			defaultConfigurationName = Release;
		};
		E36709BA298D656A00A5303D /* Build configuration list for PBXNativeTarget "Game wordsUITests" */ = {
			isa = XCConfigurationList;
			buildConfigurations = (
				E36709BB298D656A00A5303D /* Debug */,
				E36709BC298D656A00A5303D /* Release */,
			);
			defaultConfigurationIsVisible = 0;
			defaultConfigurationName = Release;
		};
/* End XCConfigurationList section */
	};
	rootObject = E3670988298D656800A5303D /* Project object */;
}
